// !$*UTF8*$!
{
	archiveVersion = 1;
	classes = {
	};
	objectVersion = 46;
	objects = {

/* Begin PBXBuildFile section */
		521CA0A31EC7FBB600593561 /* FourSumCount.swift in Sources */ = {isa = PBXBuildFile; fileRef = 521CA0A21EC7FBB600593561 /* FourSumCount.swift */; };
		521F0C651F7E1CDA00879AF3 /* Valid Parentheses.swift in Sources */ = {isa = PBXBuildFile; fileRef = 521F0C641F7E1CDA00879AF3 /* Valid Parentheses.swift */; };
		5229586A1EC1B426005B2C26 /* MedianOfTwoSortedArrays.swift in Sources */ = {isa = PBXBuildFile; fileRef = 522958691EC1B426005B2C26 /* MedianOfTwoSortedArrays.swift */; };
		523446291EB8311300710072 /* LongestSubstringWithoutRepeatingCharacters.swift in Sources */ = {isa = PBXBuildFile; fileRef = 523446281EB8311300710072 /* LongestSubstringWithoutRepeatingCharacters.swift */; };
		524A34121EB341E400C81232 /* main.swift in Sources */ = {isa = PBXBuildFile; fileRef = 524A34111EB341E400C81232 /* main.swift */; };
		524A341A1EB3437A00C81232 /* AddTwoNumbers.swift in Sources */ = {isa = PBXBuildFile; fileRef = 524A34191EB3437A00C81232 /* AddTwoNumbers.swift */; };
		5254290B1F7A27F800459BDC /* Remove Nth Node From End of List.swift in Sources */ = {isa = PBXBuildFile; fileRef = 5254290A1F7A27F800459BDC /* Remove Nth Node From End of List.swift */; };
		525627841F71036700B59419 /* Container With Most Water.swift in Sources */ = {isa = PBXBuildFile; fileRef = 525627831F71036700B59419 /* Container With Most Water.swift */; };
		527ED3B31EB60F330047AC0E /* AddTwoNumbers2.swift in Sources */ = {isa = PBXBuildFile; fileRef = 527ED3B21EB60F330047AC0E /* AddTwoNumbers2.swift */; };
		527ED3B51EB6384B0047AC0E /* ListNode.swift in Sources */ = {isa = PBXBuildFile; fileRef = 527ED3B41EB6384B0047AC0E /* ListNode.swift */; };
		5291E0701F8076D70003DDBC /* Merge Two Sorted Lists.swift in Sources */ = {isa = PBXBuildFile; fileRef = 5291E06F1F8076D70003DDBC /* Merge Two Sorted Lists.swift */; };
		52A642581F8DB95B00498BBB /* Generate Parentheses.swift in Sources */ = {isa = PBXBuildFile; fileRef = 52A642571F8DB95B00498BBB /* Generate Parentheses.swift */; };
		52BB0CA41EC2F9F900436B04 /* TwoSum.swift in Sources */ = {isa = PBXBuildFile; fileRef = 52BB0CA31EC2F9F900436B04 /* TwoSum.swift */; };
		52D39EE21F7204A70051EB98 /* 3Sum.swift in Sources */ = {isa = PBXBuildFile; fileRef = 52D39EE11F7204A70051EB98 /* 3Sum.swift */; };
		52DA43191F7733C000585664 /* Letter Combinations of a Phone Number.swift in Sources */ = {isa = PBXBuildFile; fileRef = 52DA43181F7733C000585664 /* Letter Combinations of a Phone Number.swift */; };
		52FD28661F6BA1380041F1F7 /* LongestPalindromicSubstring.swift in Sources */ = {isa = PBXBuildFile; fileRef = 52FD28651F6BA1380041F1F7 /* LongestPalindromicSubstring.swift */; };
/* End PBXBuildFile section */

/* Begin PBXCopyFilesBuildPhase section */
		524A340C1EB341E400C81232 /* CopyFiles */ = {
			isa = PBXCopyFilesBuildPhase;
			buildActionMask = 2147483647;
			dstPath = /usr/share/man/man1/;
			dstSubfolderSpec = 0;
			files = (
			);
			runOnlyForDeploymentPostprocessing = 1;
		};
/* End PBXCopyFilesBuildPhase section */

/* Begin PBXFileReference section */
		521CA0A21EC7FBB600593561 /* FourSumCount.swift */ = {isa = PBXFileReference; fileEncoding = 4; lastKnownFileType = sourcecode.swift; path = FourSumCount.swift; sourceTree = "<group>"; };
		521F0C641F7E1CDA00879AF3 /* Valid Parentheses.swift */ = {isa = PBXFileReference; lastKnownFileType = sourcecode.swift; path = "Valid Parentheses.swift"; sourceTree = "<group>"; };
		522958691EC1B426005B2C26 /* MedianOfTwoSortedArrays.swift */ = {isa = PBXFileReference; fileEncoding = 4; lastKnownFileType = sourcecode.swift; path = MedianOfTwoSortedArrays.swift; sourceTree = "<group>"; };
		523446281EB8311300710072 /* LongestSubstringWithoutRepeatingCharacters.swift */ = {isa = PBXFileReference; fileEncoding = 4; lastKnownFileType = sourcecode.swift; path = LongestSubstringWithoutRepeatingCharacters.swift; sourceTree = "<group>"; };
		524A340E1EB341E400C81232 /* LeetCode */ = {isa = PBXFileReference; explicitFileType = "compiled.mach-o.executable"; includeInIndex = 0; path = LeetCode; sourceTree = BUILT_PRODUCTS_DIR; };
		524A34111EB341E400C81232 /* main.swift */ = {isa = PBXFileReference; lastKnownFileType = sourcecode.swift; path = main.swift; sourceTree = "<group>"; };
		524A34191EB3437A00C81232 /* AddTwoNumbers.swift */ = {isa = PBXFileReference; fileEncoding = 4; lastKnownFileType = sourcecode.swift; path = AddTwoNumbers.swift; sourceTree = "<group>"; };
		5254290A1F7A27F800459BDC /* Remove Nth Node From End of List.swift */ = {isa = PBXFileReference; lastKnownFileType = sourcecode.swift; path = "Remove Nth Node From End of List.swift"; sourceTree = "<group>"; };
		525627831F71036700B59419 /* Container With Most Water.swift */ = {isa = PBXFileReference; lastKnownFileType = sourcecode.swift; path = "Container With Most Water.swift"; sourceTree = "<group>"; };
		527ED3B21EB60F330047AC0E /* AddTwoNumbers2.swift */ = {isa = PBXFileReference; fileEncoding = 4; lastKnownFileType = sourcecode.swift; path = AddTwoNumbers2.swift; sourceTree = "<group>"; };
		527ED3B41EB6384B0047AC0E /* ListNode.swift */ = {isa = PBXFileReference; fileEncoding = 4; lastKnownFileType = sourcecode.swift; path = ListNode.swift; sourceTree = "<group>"; };
		5291E06F1F8076D70003DDBC /* Merge Two Sorted Lists.swift */ = {isa = PBXFileReference; lastKnownFileType = sourcecode.swift; path = "Merge Two Sorted Lists.swift"; sourceTree = "<group>"; };
		52A642571F8DB95B00498BBB /* Generate Parentheses.swift */ = {isa = PBXFileReference; lastKnownFileType = sourcecode.swift; path = "Generate Parentheses.swift"; sourceTree = "<group>"; };
		52BB0CA31EC2F9F900436B04 /* TwoSum.swift */ = {isa = PBXFileReference; fileEncoding = 4; lastKnownFileType = sourcecode.swift; path = TwoSum.swift; sourceTree = "<group>"; };
		52D39EE11F7204A70051EB98 /* 3Sum.swift */ = {isa = PBXFileReference; lastKnownFileType = sourcecode.swift; path = 3Sum.swift; sourceTree = "<group>"; };
		52DA43181F7733C000585664 /* Letter Combinations of a Phone Number.swift */ = {isa = PBXFileReference; lastKnownFileType = sourcecode.swift; path = "Letter Combinations of a Phone Number.swift"; sourceTree = "<group>"; };
		52FD28651F6BA1380041F1F7 /* LongestPalindromicSubstring.swift */ = {isa = PBXFileReference; lastKnownFileType = sourcecode.swift; path = LongestPalindromicSubstring.swift; sourceTree = "<group>"; };
/* End PBXFileReference section */

/* Begin PBXFrameworksBuildPhase section */
		524A340B1EB341E400C81232 /* Frameworks */ = {
			isa = PBXFrameworksBuildPhase;
			buildActionMask = 2147483647;
			files = (
			);
			runOnlyForDeploymentPostprocessing = 0;
		};
/* End PBXFrameworksBuildPhase section */

/* Begin PBXGroup section */
		524A34051EB341E400C81232 = {
			isa = PBXGroup;
			children = (
				524A34101EB341E400C81232 /* LeetCode */,
				524A340F1EB341E400C81232 /* Products */,
			);
			sourceTree = "<group>";
		};
		524A340F1EB341E400C81232 /* Products */ = {
			isa = PBXGroup;
			children = (
				524A340E1EB341E400C81232 /* LeetCode */,
			);
			name = Products;
			sourceTree = "<group>";
		};
		524A34101EB341E400C81232 /* LeetCode */ = {
			isa = PBXGroup;
			children = (
				524A34111EB341E400C81232 /* main.swift */,
				527ED3B41EB6384B0047AC0E /* ListNode.swift */,
				527ED3B21EB60F330047AC0E /* AddTwoNumbers2.swift */,
				524A34191EB3437A00C81232 /* AddTwoNumbers.swift */,
				523446281EB8311300710072 /* LongestSubstringWithoutRepeatingCharacters.swift */,
				522958691EC1B426005B2C26 /* MedianOfTwoSortedArrays.swift */,
				52BB0CA31EC2F9F900436B04 /* TwoSum.swift */,
				521CA0A21EC7FBB600593561 /* FourSumCount.swift */,
				52FD28651F6BA1380041F1F7 /* LongestPalindromicSubstring.swift */,
				525627831F71036700B59419 /* Container With Most Water.swift */,
				52D39EE11F7204A70051EB98 /* 3Sum.swift */,
				52DA43181F7733C000585664 /* Letter Combinations of a Phone Number.swift */,
				5254290A1F7A27F800459BDC /* Remove Nth Node From End of List.swift */,
				521F0C641F7E1CDA00879AF3 /* Valid Parentheses.swift */,
				5291E06F1F8076D70003DDBC /* Merge Two Sorted Lists.swift */,
				52A642571F8DB95B00498BBB /* Generate Parentheses.swift */,
			);
			path = LeetCode;
			sourceTree = "<group>";
		};
/* End PBXGroup section */

/* Begin PBXNativeTarget section */
		524A340D1EB341E400C81232 /* LeetCode */ = {
			isa = PBXNativeTarget;
			buildConfigurationList = 524A34151EB341E400C81232 /* Build configuration list for PBXNativeTarget "LeetCode" */;
			buildPhases = (
				524A340A1EB341E400C81232 /* Sources */,
				524A340B1EB341E400C81232 /* Frameworks */,
				524A340C1EB341E400C81232 /* CopyFiles */,
			);
			buildRules = (
			);
			dependencies = (
			);
			name = LeetCode;
			productName = LeetCode;
			productReference = 524A340E1EB341E400C81232 /* LeetCode */;
			productType = "com.apple.product-type.tool";
		};
/* End PBXNativeTarget section */

/* Begin PBXProject section */
		524A34061EB341E400C81232 /* Project object */ = {
			isa = PBXProject;
			attributes = {
				LastSwiftUpdateCheck = 0830;
				LastUpgradeCheck = 0830;
				ORGANIZATIONNAME = "China Moble IOT";
				TargetAttributes = {
					524A340D1EB341E400C81232 = {
						CreatedOnToolsVersion = 8.3.2;
						DevelopmentTeam = 7LE9R3HGR7;
						ProvisioningStyle = Automatic;
					};
				};
			};
			buildConfigurationList = 524A34091EB341E400C81232 /* Build configuration list for PBXProject "LeetCode" */;
			compatibilityVersion = "Xcode 3.2";
			developmentRegion = English;
			hasScannedForEncodings = 0;
			knownRegions = (
				en,
			);
			mainGroup = 524A34051EB341E400C81232;
			productRefGroup = 524A340F1EB341E400C81232 /* Products */;
			projectDirPath = "";
			projectRoot = "";
			targets = (
				524A340D1EB341E400C81232 /* LeetCode */,
			);
		};
/* End PBXProject section */

/* Begin PBXSourcesBuildPhase section */
		524A340A1EB341E400C81232 /* Sources */ = {
			isa = PBXSourcesBuildPhase;
			buildActionMask = 2147483647;
			files = (
				52FD28661F6BA1380041F1F7 /* LongestPalindromicSubstring.swift in Sources */,
				5291E0701F8076D70003DDBC /* Merge Two Sorted Lists.swift in Sources */,
				52A642581F8DB95B00498BBB /* Generate Parentheses.swift in Sources */,
				5254290B1F7A27F800459BDC /* Remove Nth Node From End of List.swift in Sources */,
				52D39EE21F7204A70051EB98 /* 3Sum.swift in Sources */,
				527ED3B31EB60F330047AC0E /* AddTwoNumbers2.swift in Sources */,
				524A34121EB341E400C81232 /* main.swift in Sources */,
				524A341A1EB3437A00C81232 /* AddTwoNumbers.swift in Sources */,
				521F0C651F7E1CDA00879AF3 /* Valid Parentheses.swift in Sources */,
				52BB0CA41EC2F9F900436B04 /* TwoSum.swift in Sources */,
				523446291EB8311300710072 /* LongestSubstringWithoutRepeatingCharacters.swift in Sources */,
				5229586A1EC1B426005B2C26 /* MedianOfTwoSortedArrays.swift in Sources */,
				527ED3B51EB6384B0047AC0E /* ListNode.swift in Sources */,
				52DA43191F7733C000585664 /* Letter Combinations of a Phone Number.swift in Sources */,
				521CA0A31EC7FBB600593561 /* FourSumCount.swift in Sources */,
				525627841F71036700B59419 /* Container With Most Water.swift in Sources */,
			);
			runOnlyForDeploymentPostprocessing = 0;
		};
/* End PBXSourcesBuildPhase section */

/* Begin XCBuildConfiguration section */
		524A34131EB341E400C81232 /* Debug */ = {
			isa = XCBuildConfiguration;
			buildSettings = {
				ALWAYS_SEARCH_USER_PATHS = NO;
				CLANG_ANALYZER_NONNULL = YES;
				CLANG_ANALYZER_NUMBER_OBJECT_CONVERSION = YES_AGGRESSIVE;
				CLANG_CXX_LANGUAGE_STANDARD = "gnu++0x";
				CLANG_CXX_LIBRARY = "libc++";
				CLANG_ENABLE_MODULES = YES;
				CLANG_ENABLE_OBJC_ARC = YES;
				CLANG_WARN_BOOL_CONVERSION = YES;
				CLANG_WARN_CONSTANT_CONVERSION = YES;
				CLANG_WARN_DIRECT_OBJC_ISA_USAGE = YES_ERROR;
				CLANG_WARN_DOCUMENTATION_COMMENTS = YES;
				CLANG_WARN_EMPTY_BODY = YES;
				CLANG_WARN_ENUM_CONVERSION = YES;
				CLANG_WARN_INFINITE_RECURSION = YES;
				CLANG_WARN_INT_CONVERSION = YES;
				CLANG_WARN_OBJC_ROOT_CLASS = YES_ERROR;
				CLANG_WARN_SUSPICIOUS_MOVE = YES;
				CLANG_WARN_UNREACHABLE_CODE = YES;
				CLANG_WARN__DUPLICATE_METHOD_MATCH = YES;
				CODE_SIGN_IDENTITY = "-";
				COPY_PHASE_STRIP = NO;
				DEBUG_INFORMATION_FORMAT = dwarf;
				ENABLE_STRICT_OBJC_MSGSEND = YES;
				ENABLE_TESTABILITY = YES;
				GCC_C_LANGUAGE_STANDARD = gnu99;
				GCC_DYNAMIC_NO_PIC = NO;
				GCC_NO_COMMON_BLOCKS = YES;
				GCC_OPTIMIZATION_LEVEL = 0;
				GCC_PREPROCESSOR_DEFINITIONS = (
					"DEBUG=1",
					"$(inherited)",
				);
				GCC_WARN_64_TO_32_BIT_CONVERSION = YES;
				GCC_WARN_ABOUT_RETURN_TYPE = YES_ERROR;
				GCC_WARN_UNDECLARED_SELECTOR = YES;
				GCC_WARN_UNINITIALIZED_AUTOS = YES_AGGRESSIVE;
				GCC_WARN_UNUSED_FUNCTION = YES;
				GCC_WARN_UNUSED_VARIABLE = YES;
				MACOSX_DEPLOYMENT_TARGET = 10.12;
				MTL_ENABLE_DEBUG_INFO = YES;
				ONLY_ACTIVE_ARCH = YES;
				SDKROOT = macosx;
				SWIFT_OPTIMIZATION_LEVEL = "-Onone";
			};
			name = Debug;
		};
		524A34141EB341E400C81232 /* Release */ = {
			isa = XCBuildConfiguration;
			buildSettings = {
				ALWAYS_SEARCH_USER_PATHS = NO;
				CLANG_ANALYZER_NONNULL = YES;
				CLANG_ANALYZER_NUMBER_OBJECT_CONVERSION = YES_AGGRESSIVE;
				CLANG_CXX_LANGUAGE_STANDARD = "gnu++0x";
				CLANG_CXX_LIBRARY = "libc++";
				CLANG_ENABLE_MODULES = YES;
				CLANG_ENABLE_OBJC_ARC = YES;
				CLANG_WARN_BOOL_CONVERSION = YES;
				CLANG_WARN_CONSTANT_CONVERSION = YES;
				CLANG_WARN_DIRECT_OBJC_ISA_USAGE = YES_ERROR;
				CLANG_WARN_DOCUMENTATION_COMMENTS = YES;
				CLANG_WARN_EMPTY_BODY = YES;
				CLANG_WARN_ENUM_CONVERSION = YES;
				CLANG_WARN_INFINITE_RECURSION = YES;
				CLANG_WARN_INT_CONVERSION = YES;
				CLANG_WARN_OBJC_ROOT_CLASS = YES_ERROR;
				CLANG_WARN_SUSPICIOUS_MOVE = YES;
				CLANG_WARN_UNREACHABLE_CODE = YES;
				CLANG_WARN__DUPLICATE_METHOD_MATCH = YES;
				CODE_SIGN_IDENTITY = "-";
				COPY_PHASE_STRIP = NO;
				DEBUG_INFORMATION_FORMAT = "dwarf-with-dsym";
				ENABLE_NS_ASSERTIONS = NO;
				ENABLE_STRICT_OBJC_MSGSEND = YES;
				GCC_C_LANGUAGE_STANDARD = gnu99;
				GCC_NO_COMMON_BLOCKS = YES;
				GCC_WARN_64_TO_32_BIT_CONVERSION = YES;
				GCC_WARN_ABOUT_RETURN_TYPE = YES_ERROR;
				GCC_WARN_UNDECLARED_SELECTOR = YES;
				GCC_WARN_UNINITIALIZED_AUTOS = YES_AGGRESSIVE;
				GCC_WARN_UNUSED_FUNCTION = YES;
				GCC_WARN_UNUSED_VARIABLE = YES;
				MACOSX_DEPLOYMENT_TARGET = 10.12;
				MTL_ENABLE_DEBUG_INFO = NO;
				SDKROOT = macosx;
			};
			name = Release;
		};
		524A34161EB341E400C81232 /* Debug */ = {
			isa = XCBuildConfiguration;
			buildSettings = {
				DEVELOPMENT_TEAM = 7LE9R3HGR7;
				PRODUCT_NAME = "$(TARGET_NAME)";
				SWIFT_VERSION = 3.0;
			};
			name = Debug;
		};
		524A34171EB341E400C81232 /* Release */ = {
			isa = XCBuildConfiguration;
			buildSettings = {
				DEVELOPMENT_TEAM = 7LE9R3HGR7;
				PRODUCT_NAME = "$(TARGET_NAME)";
				SWIFT_VERSION = 3.0;
			};
			name = Release;
		};
/* End XCBuildConfiguration section */

/* Begin XCConfigurationList section */
		524A34091EB341E400C81232 /* Build configuration list for PBXProject "LeetCode" */ = {
			isa = XCConfigurationList;
			buildConfigurations = (
				524A34131EB341E400C81232 /* Debug */,
				524A34141EB341E400C81232 /* Release */,
			);
			defaultConfigurationIsVisible = 0;
			defaultConfigurationName = Release;
		};
		524A34151EB341E400C81232 /* Build configuration list for PBXNativeTarget "LeetCode" */ = {
			isa = XCConfigurationList;
			buildConfigurations = (
				524A34161EB341E400C81232 /* Debug */,
				524A34171EB341E400C81232 /* Release */,
			);
			defaultConfigurationIsVisible = 0;
			defaultConfigurationName = Release;
		};
/* End XCConfigurationList section */
	};
	rootObject = 524A34061EB341E400C81232 /* Project object */;
}
