// !$*UTF8*$!
{
	archiveVersion = 1;
	classes = {
	};
	objectVersion = 46;
	objects = {

/* Begin PBXBuildFile section */
		52809BF91EF8AF2F00AD8E34 /* AppDelegate.swift in Sources */ = {isa = PBXBuildFile; fileRef = 52809BF81EF8AF2F00AD8E34 /* AppDelegate.swift */; };
		52809BFB1EF8AF2F00AD8E34 /* ViewController.swift in Sources */ = {isa = PBXBuildFile; fileRef = 52809BFA1EF8AF2F00AD8E34 /* ViewController.swift */; };
		52809BFD1EF8AF2F00AD8E34 /* Assets.xcassets in Resources */ = {isa = PBXBuildFile; fileRef = 52809BFC1EF8AF2F00AD8E34 /* Assets.xcassets */; };
		52809C001EF8AF2F00AD8E34 /* Main.storyboard in Resources */ = {isa = PBXBuildFile; fileRef = 52809BFE1EF8AF2F00AD8E34 /* Main.storyboard */; };
/* End PBXBuildFile section */

/* Begin PBXFileReference section */
		52809BF51EF8AF2F00AD8E34 /* Tomato.app */ = {isa = PBXFileReference; explicitFileType = wrapper.application; includeInIndex = 0; path = Tomato.app; sourceTree = BUILT_PRODUCTS_DIR; };
		52809BF81EF8AF2F00AD8E34 /* AppDelegate.swift */ = {isa = PBXFileReference; lastKnownFileType = sourcecode.swift; path = AppDelegate.swift; sourceTree = "<group>"; };
		52809BFA1EF8AF2F00AD8E34 /* ViewController.swift */ = {isa = PBXFileReference; lastKnownFileType = sourcecode.swift; path = ViewController.swift; sourceTree = "<group>"; };
		52809BFC1EF8AF2F00AD8E34 /* Assets.xcassets */ = {isa = PBXFileReference; lastKnownFileType = folder.assetcatalog; path = Assets.xcassets; sourceTree = "<group>"; };
		52809BFF1EF8AF2F00AD8E34 /* Base */ = {isa = PBXFileReference; lastKnownFileType = file.storyboard; name = Base; path = Base.lproj/Main.storyboard; sourceTree = "<group>"; };
		52809C011EF8AF2F00AD8E34 /* Info.plist */ = {isa = PBXFileReference; lastKnownFileType = text.plist.xml; path = Info.plist; sourceTree = "<group>"; };
/* End PBXFileReference section */

/* Begin PBXFrameworksBuildPhase section */
		52809BF21EF8AF2F00AD8E34 /* Frameworks */ = {
			isa = PBXFrameworksBuildPhase;
			buildActionMask = 2147483647;
			files = (
			);
			runOnlyForDeploymentPostprocessing = 0;
		};
/* End PBXFrameworksBuildPhase section */

/* Begin PBXGroup section */
		52809BEC1EF8AF2F00AD8E34 = {
			isa = PBXGroup;
			children = (
				52809BF71EF8AF2F00AD8E34 /* Tomato */,
				52809BF61EF8AF2F00AD8E34 /* Products */,
			);
			sourceTree = "<group>";
		};
		52809BF61EF8AF2F00AD8E34 /* Products */ = {
			isa = PBXGroup;
			children = (
				52809BF51EF8AF2F00AD8E34 /* Tomato.app */,
			);
			name = Products;
			sourceTree = "<group>";
		};
		52809BF71EF8AF2F00AD8E34 /* Tomato */ = {
			isa = PBXGroup;
			children = (
				52809BF81EF8AF2F00AD8E34 /* AppDelegate.swift */,
				52809BFA1EF8AF2F00AD8E34 /* ViewController.swift */,
				52809BFC1EF8AF2F00AD8E34 /* Assets.xcassets */,
				52809BFE1EF8AF2F00AD8E34 /* Main.storyboard */,
				52809C011EF8AF2F00AD8E34 /* Info.plist */,
			);
			path = Tomato;
			sourceTree = "<group>";
		};
/* End PBXGroup section */

/* Begin PBXNativeTarget section */
		52809BF41EF8AF2F00AD8E34 /* Tomato */ = {
			isa = PBXNativeTarget;
			buildConfigurationList = 52809C041EF8AF2F00AD8E34 /* Build configuration list for PBXNativeTarget "Tomato" */;
			buildPhases = (
				52809BF11EF8AF2F00AD8E34 /* Sources */,
				52809BF21EF8AF2F00AD8E34 /* Frameworks */,
				52809BF31EF8AF2F00AD8E34 /* Resources */,
			);
			buildRules = (
			);
			dependencies = (
			);
			name = Tomato;
			productName = Tomato;
			productReference = 52809BF51EF8AF2F00AD8E34 /* Tomato.app */;
			productType = "com.apple.product-type.application";
		};
/* End PBXNativeTarget section */

/* Begin PBXProject section */
		52809BED1EF8AF2F00AD8E34 /* Project object */ = {
			isa = PBXProject;
			attributes = {
				LastSwiftUpdateCheck = 0830;
				LastUpgradeCheck = 0830;
				ORGANIZATIONNAME = "MR White";
				TargetAttributes = {
					52809BF41EF8AF2F00AD8E34 = {
						CreatedOnToolsVersion = 8.3.3;
						DevelopmentTeam = 7LE9R3HGR7;
						ProvisioningStyle = Automatic;
					};
				};
			};
			buildConfigurationList = 52809BF01EF8AF2F00AD8E34 /* Build configuration list for PBXProject "Tomato" */;
			compatibilityVersion = "Xcode 3.2";
			developmentRegion = English;
			hasScannedForEncodings = 0;
			knownRegions = (
				en,
				Base,
			);
			mainGroup = 52809BEC1EF8AF2F00AD8E34;
			productRefGroup = 52809BF61EF8AF2F00AD8E34 /* Products */;
			projectDirPath = "";
			projectRoot = "";
			targets = (
				52809BF41EF8AF2F00AD8E34 /* Tomato */,
			);
		};
/* End PBXProject section */

/* Begin PBXResourcesBuildPhase section */
		52809BF31EF8AF2F00AD8E34 /* Resources */ = {
			isa = PBXResourcesBuildPhase;
			buildActionMask = 2147483647;
			files = (
				52809BFD1EF8AF2F00AD8E34 /* Assets.xcassets in Resources */,
				52809C001EF8AF2F00AD8E34 /* Main.storyboard in Resources */,
			);
			runOnlyForDeploymentPostprocessing = 0;
		};
/* End PBXResourcesBuildPhase section */

/* Begin PBXSourcesBuildPhase section */
		52809BF11EF8AF2F00AD8E34 /* Sources */ = {
			isa = PBXSourcesBuildPhase;
			buildActionMask = 2147483647;
			files = (
				52809BFB1EF8AF2F00AD8E34 /* ViewController.swift in Sources */,
				52809BF91EF8AF2F00AD8E34 /* AppDelegate.swift in Sources */,
			);
			runOnlyForDeploymentPostprocessing = 0;
		};
/* End PBXSourcesBuildPhase section */

/* Begin PBXVariantGroup section */
		52809BFE1EF8AF2F00AD8E34 /* Main.storyboard */ = {
			isa = PBXVariantGroup;
			children = (
				52809BFF1EF8AF2F00AD8E34 /* Base */,
			);
			name = Main.storyboard;
			sourceTree = "<group>";
		};
/* End PBXVariantGroup section */

/* Begin XCBuildConfiguration section */
		52809C021EF8AF2F00AD8E34 /* Debug */ = {
			isa = XCBuildConfiguration;
			buildSettings = {
				ALWAYS_SEARCH_USER_PATHS = NO;
				CLANG_ANALYZER_NONNULL = YES;
				CLANG_ANALYZER_NUMBER_OBJECT_CONVERSION = YES_AGGRESSIVE;
				CLANG_CXX_LANGUAGE_STANDARD = "gnu++0x";
				CLANG_CXX_LIBRARY = "libc++";
				CLANG_ENABLE_MODULES = YES;
				CLANG_ENABLE_OBJC_ARC = YES;
				CLANG_WARN_BOOL_CONVERSION = YES;
				CLANG_WARN_CONSTANT_CONVERSION = YES;
				CLANG_WARN_DIRECT_OBJC_ISA_USAGE = YES_ERROR;
				CLANG_WARN_DOCUMENTATION_COMMENTS = YES;
				CLANG_WARN_EMPTY_BODY = YES;
				CLANG_WARN_ENUM_CONVERSION = YES;
				CLANG_WARN_INFINITE_RECURSION = YES;
				CLANG_WARN_INT_CONVERSION = YES;
				CLANG_WARN_OBJC_ROOT_CLASS = YES_ERROR;
				CLANG_WARN_SUSPICIOUS_MOVE = YES;
				CLANG_WARN_UNREACHABLE_CODE = YES;
				CLANG_WARN__DUPLICATE_METHOD_MATCH = YES;
				CODE_SIGN_IDENTITY = "-";
				COPY_PHASE_STRIP = NO;
				DEBUG_INFORMATION_FORMAT = dwarf;
				ENABLE_STRICT_OBJC_MSGSEND = YES;
				ENABLE_TESTABILITY = YES;
				GCC_C_LANGUAGE_STANDARD = gnu99;
				GCC_DYNAMIC_NO_PIC = NO;
				GCC_NO_COMMON_BLOCKS = YES;
				GCC_OPTIMIZATION_LEVEL = 0;
				GCC_PREPROCESSOR_DEFINITIONS = (
					"DEBUG=1",
					"$(inherited)",
				);
				GCC_WARN_64_TO_32_BIT_CONVERSION = YES;
				GCC_WARN_ABOUT_RETURN_TYPE = YES_ERROR;
				GCC_WARN_UNDECLARED_SELECTOR = YES;
				GCC_WARN_UNINITIALIZED_AUTOS = YES_AGGRESSIVE;
				GCC_WARN_UNUSED_FUNCTION = YES;
				GCC_WARN_UNUSED_VARIABLE = YES;
				MACOSX_DEPLOYMENT_TARGET = 10.12;
				MTL_ENABLE_DEBUG_INFO = YES;
				ONLY_ACTIVE_ARCH = YES;
				SDKROOT = macosx;
				SWIFT_ACTIVE_COMPILATION_CONDITIONS = DEBUG;
				SWIFT_OPTIMIZATION_LEVEL = "-Onone";
			};
			name = Debug;
		};
		52809C031EF8AF2F00AD8E34 /* Release */ = {
			isa = XCBuildConfiguration;
			buildSettings = {
				ALWAYS_SEARCH_USER_PATHS = NO;
				CLANG_ANALYZER_NONNULL = YES;
				CLANG_ANALYZER_NUMBER_OBJECT_CONVERSION = YES_AGGRESSIVE;
				CLANG_CXX_LANGUAGE_STANDARD = "gnu++0x";
				CLANG_CXX_LIBRARY = "libc++";
				CLANG_ENABLE_MODULES = YES;
				CLANG_ENABLE_OBJC_ARC = YES;
				CLANG_WARN_BOOL_CONVERSION = YES;
				CLANG_WARN_CONSTANT_CONVERSION = YES;
				CLANG_WARN_DIRECT_OBJC_ISA_USAGE = YES_ERROR;
				CLANG_WARN_DOCUMENTATION_COMMENTS = YES;
				CLANG_WARN_EMPTY_BODY = YES;
				CLANG_WARN_ENUM_CONVERSION = YES;
				CLANG_WARN_INFINITE_RECURSION = YES;
				CLANG_WARN_INT_CONVERSION = YES;
				CLANG_WARN_OBJC_ROOT_CLASS = YES_ERROR;
				CLANG_WARN_SUSPICIOUS_MOVE = YES;
				CLANG_WARN_UNREACHABLE_CODE = YES;
				CLANG_WARN__DUPLICATE_METHOD_MATCH = YES;
				CODE_SIGN_IDENTITY = "-";
				COPY_PHASE_STRIP = NO;
				DEBUG_INFORMATION_FORMAT = "dwarf-with-dsym";
				ENABLE_NS_ASSERTIONS = NO;
				ENABLE_STRICT_OBJC_MSGSEND = YES;
				GCC_C_LANGUAGE_STANDARD = gnu99;
				GCC_NO_COMMON_BLOCKS = YES;
				GCC_WARN_64_TO_32_BIT_CONVERSION = YES;
				GCC_WARN_ABOUT_RETURN_TYPE = YES_ERROR;
				GCC_WARN_UNDECLARED_SELECTOR = YES;
				GCC_WARN_UNINITIALIZED_AUTOS = YES_AGGRESSIVE;
				GCC_WARN_UNUSED_FUNCTION = YES;
				GCC_WARN_UNUSED_VARIABLE = YES;
				MACOSX_DEPLOYMENT_TARGET = 10.12;
				MTL_ENABLE_DEBUG_INFO = NO;
				SDKROOT = macosx;
				SWIFT_OPTIMIZATION_LEVEL = "-Owholemodule";
			};
			name = Release;
		};
		52809C051EF8AF2F00AD8E34 /* Debug */ = {
			isa = XCBuildConfiguration;
			buildSettings = {
				ASSETCATALOG_COMPILER_APPICON_NAME = AppIcon;
				COMBINE_HIDPI_IMAGES = YES;
				DEVELOPMENT_TEAM = 7LE9R3HGR7;
				INFOPLIST_FILE = Tomato/Info.plist;
				LD_RUNPATH_SEARCH_PATHS = "$(inherited) @executable_path/../Frameworks";
				PRODUCT_BUNDLE_IDENTIFIER = "MR-White.Tomato";
				PRODUCT_NAME = "$(TARGET_NAME)";
				SWIFT_VERSION = 3.0;
			};
			name = Debug;
		};
		52809C061EF8AF2F00AD8E34 /* Release */ = {
			isa = XCBuildConfiguration;
			buildSettings = {
				ASSETCATALOG_COMPILER_APPICON_NAME = AppIcon;
				COMBINE_HIDPI_IMAGES = YES;
				DEVELOPMENT_TEAM = 7LE9R3HGR7;
				INFOPLIST_FILE = Tomato/Info.plist;
				LD_RUNPATH_SEARCH_PATHS = "$(inherited) @executable_path/../Frameworks";
				PRODUCT_BUNDLE_IDENTIFIER = "MR-White.Tomato";
				PRODUCT_NAME = "$(TARGET_NAME)";
				SWIFT_VERSION = 3.0;
			};
			name = Release;
		};
/* End XCBuildConfiguration section */

/* Begin XCConfigurationList section */
		52809BF01EF8AF2F00AD8E34 /* Build configuration list for PBXProject "Tomato" */ = {
			isa = XCConfigurationList;
			buildConfigurations = (
				52809C021EF8AF2F00AD8E34 /* Debug */,
				52809C031EF8AF2F00AD8E34 /* Release */,
			);
			defaultConfigurationIsVisible = 0;
			defaultConfigurationName = Release;
		};
		52809C041EF8AF2F00AD8E34 /* Build configuration list for PBXNativeTarget "Tomato" */ = {
			isa = XCConfigurationList;
			buildConfigurations = (
				52809C051EF8AF2F00AD8E34 /* Debug */,
				52809C061EF8AF2F00AD8E34 /* Release */,
			);
			defaultConfigurationIsVisible = 0;
		};
/* End XCConfigurationList section */
	};
	rootObject = 52809BED1EF8AF2F00AD8E34 /* Project object */;
}
