// !$*UTF8*$!
{
	archiveVersion = 1;
	classes = {
	};
	objectVersion = 48;
	objects = {

/* Begin PBXBuildFile section */
		5292C3141F6F7B4200EDCA7C /* AppDelegate.swift in Sources */ = {isa = PBXBuildFile; fileRef = 5292C3131F6F7B4200EDCA7C /* AppDelegate.swift */; };
		5292C3161F6F7B4200EDCA7C /* ViewController.swift in Sources */ = {isa = PBXBuildFile; fileRef = 5292C3151F6F7B4200EDCA7C /* ViewController.swift */; };
		5292C3191F6F7B4200EDCA7C /* Main.storyboard in Resources */ = {isa = PBXBuildFile; fileRef = 5292C3171F6F7B4200EDCA7C /* Main.storyboard */; };
		5292C31B1F6F7B4200EDCA7C /* Assets.xcassets in Resources */ = {isa = PBXBuildFile; fileRef = 5292C31A1F6F7B4200EDCA7C /* Assets.xcassets */; };
		5292C31E1F6F7B4200EDCA7C /* LaunchScreen.storyboard in Resources */ = {isa = PBXBuildFile; fileRef = 5292C31C1F6F7B4200EDCA7C /* LaunchScreen.storyboard */; };
		5292C3261F6F7B5200EDCA7C /* MobileNet.mlmodel in Sources */ = {isa = PBXBuildFile; fileRef = 5292C3251F6F7B4D00EDCA7C /* MobileNet.mlmodel */; };
		5292C3281F6F9C9800EDCA7C /* ImageProcessor.swift in Sources */ = {isa = PBXBuildFile; fileRef = 5292C3271F6F9C9800EDCA7C /* ImageProcessor.swift */; };
		5292C32A1F6F9FF300EDCA7C /* Resnet50.mlmodel in Sources */ = {isa = PBXBuildFile; fileRef = 5292C3291F6F9FD700EDCA7C /* Resnet50.mlmodel */; };
		5292C32C1F6FA42600EDCA7C /* PhotoViewController.swift in Sources */ = {isa = PBXBuildFile; fileRef = 5292C32B1F6FA42600EDCA7C /* PhotoViewController.swift */; };
/* End PBXBuildFile section */

/* Begin PBXFileReference section */
		5292C3101F6F7B4200EDCA7C /* Core ML Demo.app */ = {isa = PBXFileReference; explicitFileType = wrapper.application; includeInIndex = 0; path = "Core ML Demo.app"; sourceTree = BUILT_PRODUCTS_DIR; };
		5292C3131F6F7B4200EDCA7C /* AppDelegate.swift */ = {isa = PBXFileReference; lastKnownFileType = sourcecode.swift; path = AppDelegate.swift; sourceTree = "<group>"; };
		5292C3151F6F7B4200EDCA7C /* ViewController.swift */ = {isa = PBXFileReference; lastKnownFileType = sourcecode.swift; path = ViewController.swift; sourceTree = "<group>"; };
		5292C3181F6F7B4200EDCA7C /* Base */ = {isa = PBXFileReference; lastKnownFileType = file.storyboard; name = Base; path = Base.lproj/Main.storyboard; sourceTree = "<group>"; };
		5292C31A1F6F7B4200EDCA7C /* Assets.xcassets */ = {isa = PBXFileReference; lastKnownFileType = folder.assetcatalog; path = Assets.xcassets; sourceTree = "<group>"; };
		5292C31D1F6F7B4200EDCA7C /* Base */ = {isa = PBXFileReference; lastKnownFileType = file.storyboard; name = Base; path = Base.lproj/LaunchScreen.storyboard; sourceTree = "<group>"; };
		5292C31F1F6F7B4200EDCA7C /* Info.plist */ = {isa = PBXFileReference; lastKnownFileType = text.plist.xml; path = Info.plist; sourceTree = "<group>"; };
		5292C3251F6F7B4D00EDCA7C /* MobileNet.mlmodel */ = {isa = PBXFileReference; lastKnownFileType = file.mlmodel; path = MobileNet.mlmodel; sourceTree = "<group>"; };
		5292C3271F6F9C9800EDCA7C /* ImageProcessor.swift */ = {isa = PBXFileReference; fileEncoding = 4; lastKnownFileType = sourcecode.swift; path = ImageProcessor.swift; sourceTree = "<group>"; };
		5292C3291F6F9FD700EDCA7C /* Resnet50.mlmodel */ = {isa = PBXFileReference; lastKnownFileType = file.mlmodel; path = Resnet50.mlmodel; sourceTree = "<group>"; };
		5292C32B1F6FA42600EDCA7C /* PhotoViewController.swift */ = {isa = PBXFileReference; lastKnownFileType = sourcecode.swift; path = PhotoViewController.swift; sourceTree = "<group>"; };
/* End PBXFileReference section */

/* Begin PBXFrameworksBuildPhase section */
		5292C30D1F6F7B4200EDCA7C /* Frameworks */ = {
			isa = PBXFrameworksBuildPhase;
			buildActionMask = 2147483647;
			files = (
			);
			runOnlyForDeploymentPostprocessing = 0;
		};
/* End PBXFrameworksBuildPhase section */

/* Begin PBXGroup section */
		5292C3071F6F7B4200EDCA7C = {
			isa = PBXGroup;
			children = (
				5292C3121F6F7B4200EDCA7C /* Core ML Demo */,
				5292C3111F6F7B4200EDCA7C /* Products */,
			);
			sourceTree = "<group>";
		};
		5292C3111F6F7B4200EDCA7C /* Products */ = {
			isa = PBXGroup;
			children = (
				5292C3101F6F7B4200EDCA7C /* Core ML Demo.app */,
			);
			name = Products;
			sourceTree = "<group>";
		};
		5292C3121F6F7B4200EDCA7C /* Core ML Demo */ = {
			isa = PBXGroup;
			children = (
				5292C3291F6F9FD700EDCA7C /* Resnet50.mlmodel */,
				5292C3271F6F9C9800EDCA7C /* ImageProcessor.swift */,
				5292C3251F6F7B4D00EDCA7C /* MobileNet.mlmodel */,
				5292C3131F6F7B4200EDCA7C /* AppDelegate.swift */,
				5292C3151F6F7B4200EDCA7C /* ViewController.swift */,
				5292C32B1F6FA42600EDCA7C /* PhotoViewController.swift */,
				5292C3171F6F7B4200EDCA7C /* Main.storyboard */,
				5292C31A1F6F7B4200EDCA7C /* Assets.xcassets */,
				5292C31C1F6F7B4200EDCA7C /* LaunchScreen.storyboard */,
				5292C31F1F6F7B4200EDCA7C /* Info.plist */,
			);
			path = "Core ML Demo";
			sourceTree = "<group>";
		};
/* End PBXGroup section */

/* Begin PBXNativeTarget section */
		5292C30F1F6F7B4200EDCA7C /* Core ML Demo */ = {
			isa = PBXNativeTarget;
			buildConfigurationList = 5292C3221F6F7B4200EDCA7C /* Build configuration list for PBXNativeTarget "Core ML Demo" */;
			buildPhases = (
				5292C30C1F6F7B4200EDCA7C /* Sources */,
				5292C30D1F6F7B4200EDCA7C /* Frameworks */,
				5292C30E1F6F7B4200EDCA7C /* Resources */,
			);
			buildRules = (
			);
			dependencies = (
			);
			name = "Core ML Demo";
			productName = "Core ML Demo";
			productReference = 5292C3101F6F7B4200EDCA7C /* Core ML Demo.app */;
			productType = "com.apple.product-type.application";
		};
/* End PBXNativeTarget section */

/* Begin PBXProject section */
		5292C3081F6F7B4200EDCA7C /* Project object */ = {
			isa = PBXProject;
			attributes = {
				LastSwiftUpdateCheck = 0900;
				LastUpgradeCheck = 0900;
				ORGANIZATIONNAME = CMIOT;
				TargetAttributes = {
					5292C30F1F6F7B4200EDCA7C = {
						CreatedOnToolsVersion = 9.0;
						ProvisioningStyle = Automatic;
					};
				};
			};
			buildConfigurationList = 5292C30B1F6F7B4200EDCA7C /* Build configuration list for PBXProject "Core ML Demo" */;
			compatibilityVersion = "Xcode 8.0";
			developmentRegion = en;
			hasScannedForEncodings = 0;
			knownRegions = (
				en,
				Base,
			);
			mainGroup = 5292C3071F6F7B4200EDCA7C;
			productRefGroup = 5292C3111F6F7B4200EDCA7C /* Products */;
			projectDirPath = "";
			projectRoot = "";
			targets = (
				5292C30F1F6F7B4200EDCA7C /* Core ML Demo */,
			);
		};
/* End PBXProject section */

/* Begin PBXResourcesBuildPhase section */
		5292C30E1F6F7B4200EDCA7C /* Resources */ = {
			isa = PBXResourcesBuildPhase;
			buildActionMask = 2147483647;
			files = (
				5292C31E1F6F7B4200EDCA7C /* LaunchScreen.storyboard in Resources */,
				5292C31B1F6F7B4200EDCA7C /* Assets.xcassets in Resources */,
				5292C3191F6F7B4200EDCA7C /* Main.storyboard in Resources */,
			);
			runOnlyForDeploymentPostprocessing = 0;
		};
/* End PBXResourcesBuildPhase section */

/* Begin PBXSourcesBuildPhase section */
		5292C30C1F6F7B4200EDCA7C /* Sources */ = {
			isa = PBXSourcesBuildPhase;
			buildActionMask = 2147483647;
			files = (
				5292C32A1F6F9FF300EDCA7C /* Resnet50.mlmodel in Sources */,
				5292C3161F6F7B4200EDCA7C /* ViewController.swift in Sources */,
				5292C3141F6F7B4200EDCA7C /* AppDelegate.swift in Sources */,
				5292C3281F6F9C9800EDCA7C /* ImageProcessor.swift in Sources */,
				5292C3261F6F7B5200EDCA7C /* MobileNet.mlmodel in Sources */,
				5292C32C1F6FA42600EDCA7C /* PhotoViewController.swift in Sources */,
			);
			runOnlyForDeploymentPostprocessing = 0;
		};
/* End PBXSourcesBuildPhase section */

/* Begin PBXVariantGroup section */
		5292C3171F6F7B4200EDCA7C /* Main.storyboard */ = {
			isa = PBXVariantGroup;
			children = (
				5292C3181F6F7B4200EDCA7C /* Base */,
			);
			name = Main.storyboard;
			sourceTree = "<group>";
		};
		5292C31C1F6F7B4200EDCA7C /* LaunchScreen.storyboard */ = {
			isa = PBXVariantGroup;
			children = (
				5292C31D1F6F7B4200EDCA7C /* Base */,
			);
			name = LaunchScreen.storyboard;
			sourceTree = "<group>";
		};
/* End PBXVariantGroup section */

/* Begin XCBuildConfiguration section */
		5292C3201F6F7B4200EDCA7C /* Debug */ = {
			isa = XCBuildConfiguration;
			buildSettings = {
				ALWAYS_SEARCH_USER_PATHS = NO;
				CLANG_ANALYZER_NONNULL = YES;
				CLANG_ANALYZER_NUMBER_OBJECT_CONVERSION = YES_AGGRESSIVE;
				CLANG_CXX_LANGUAGE_STANDARD = "gnu++14";
				CLANG_CXX_LIBRARY = "libc++";
				CLANG_ENABLE_MODULES = YES;
				CLANG_ENABLE_OBJC_ARC = YES;
				CLANG_WARN_BLOCK_CAPTURE_AUTORELEASING = YES;
				CLANG_WARN_BOOL_CONVERSION = YES;
				CLANG_WARN_COMMA = YES;
				CLANG_WARN_CONSTANT_CONVERSION = YES;
				CLANG_WARN_DIRECT_OBJC_ISA_USAGE = YES_ERROR;
				CLANG_WARN_DOCUMENTATION_COMMENTS = YES;
				CLANG_WARN_EMPTY_BODY = YES;
				CLANG_WARN_ENUM_CONVERSION = YES;
				CLANG_WARN_INFINITE_RECURSION = YES;
				CLANG_WARN_INT_CONVERSION = YES;
				CLANG_WARN_NON_LITERAL_NULL_CONVERSION = YES;
				CLANG_WARN_OBJC_LITERAL_CONVERSION = YES;
				CLANG_WARN_OBJC_ROOT_CLASS = YES_ERROR;
				CLANG_WARN_RANGE_LOOP_ANALYSIS = YES;
				CLANG_WARN_STRICT_PROTOTYPES = YES;
				CLANG_WARN_SUSPICIOUS_MOVE = YES;
				CLANG_WARN_UNGUARDED_AVAILABILITY = YES_AGGRESSIVE;
				CLANG_WARN_UNREACHABLE_CODE = YES;
				CLANG_WARN__DUPLICATE_METHOD_MATCH = YES;
				CODE_SIGN_IDENTITY = "iPhone Developer";
				COPY_PHASE_STRIP = NO;
				DEBUG_INFORMATION_FORMAT = dwarf;
				ENABLE_STRICT_OBJC_MSGSEND = YES;
				ENABLE_TESTABILITY = YES;
				GCC_C_LANGUAGE_STANDARD = gnu11;
				GCC_DYNAMIC_NO_PIC = NO;
				GCC_NO_COMMON_BLOCKS = YES;
				GCC_OPTIMIZATION_LEVEL = 0;
				GCC_PREPROCESSOR_DEFINITIONS = (
					"DEBUG=1",
					"$(inherited)",
				);
				GCC_WARN_64_TO_32_BIT_CONVERSION = YES;
				GCC_WARN_ABOUT_RETURN_TYPE = YES_ERROR;
				GCC_WARN_UNDECLARED_SELECTOR = YES;
				GCC_WARN_UNINITIALIZED_AUTOS = YES_AGGRESSIVE;
				GCC_WARN_UNUSED_FUNCTION = YES;
				GCC_WARN_UNUSED_VARIABLE = YES;
				IPHONEOS_DEPLOYMENT_TARGET = 11.0;
				MTL_ENABLE_DEBUG_INFO = YES;
				ONLY_ACTIVE_ARCH = YES;
				SDKROOT = iphoneos;
				SWIFT_ACTIVE_COMPILATION_CONDITIONS = DEBUG;
				SWIFT_OPTIMIZATION_LEVEL = "-Onone";
			};
			name = Debug;
		};
		5292C3211F6F7B4200EDCA7C /* Release */ = {
			isa = XCBuildConfiguration;
			buildSettings = {
				ALWAYS_SEARCH_USER_PATHS = NO;
				CLANG_ANALYZER_NONNULL = YES;
				CLANG_ANALYZER_NUMBER_OBJECT_CONVERSION = YES_AGGRESSIVE;
				CLANG_CXX_LANGUAGE_STANDARD = "gnu++14";
				CLANG_CXX_LIBRARY = "libc++";
				CLANG_ENABLE_MODULES = YES;
				CLANG_ENABLE_OBJC_ARC = YES;
				CLANG_WARN_BLOCK_CAPTURE_AUTORELEASING = YES;
				CLANG_WARN_BOOL_CONVERSION = YES;
				CLANG_WARN_COMMA = YES;
				CLANG_WARN_CONSTANT_CONVERSION = YES;
				CLANG_WARN_DIRECT_OBJC_ISA_USAGE = YES_ERROR;
				CLANG_WARN_DOCUMENTATION_COMMENTS = YES;
				CLANG_WARN_EMPTY_BODY = YES;
				CLANG_WARN_ENUM_CONVERSION = YES;
				CLANG_WARN_INFINITE_RECURSION = YES;
				CLANG_WARN_INT_CONVERSION = YES;
				CLANG_WARN_NON_LITERAL_NULL_CONVERSION = YES;
				CLANG_WARN_OBJC_LITERAL_CONVERSION = YES;
				CLANG_WARN_OBJC_ROOT_CLASS = YES_ERROR;
				CLANG_WARN_RANGE_LOOP_ANALYSIS = YES;
				CLANG_WARN_STRICT_PROTOTYPES = YES;
				CLANG_WARN_SUSPICIOUS_MOVE = YES;
				CLANG_WARN_UNGUARDED_AVAILABILITY = YES_AGGRESSIVE;
				CLANG_WARN_UNREACHABLE_CODE = YES;
				CLANG_WARN__DUPLICATE_METHOD_MATCH = YES;
				CODE_SIGN_IDENTITY = "iPhone Developer";
				COPY_PHASE_STRIP = NO;
				DEBUG_INFORMATION_FORMAT = "dwarf-with-dsym";
				ENABLE_NS_ASSERTIONS = NO;
				ENABLE_STRICT_OBJC_MSGSEND = YES;
				GCC_C_LANGUAGE_STANDARD = gnu11;
				GCC_NO_COMMON_BLOCKS = YES;
				GCC_WARN_64_TO_32_BIT_CONVERSION = YES;
				GCC_WARN_ABOUT_RETURN_TYPE = YES_ERROR;
				GCC_WARN_UNDECLARED_SELECTOR = YES;
				GCC_WARN_UNINITIALIZED_AUTOS = YES_AGGRESSIVE;
				GCC_WARN_UNUSED_FUNCTION = YES;
				GCC_WARN_UNUSED_VARIABLE = YES;
				IPHONEOS_DEPLOYMENT_TARGET = 11.0;
				MTL_ENABLE_DEBUG_INFO = NO;
				SDKROOT = iphoneos;
				SWIFT_OPTIMIZATION_LEVEL = "-Owholemodule";
				VALIDATE_PRODUCT = YES;
			};
			name = Release;
		};
		5292C3231F6F7B4200EDCA7C /* Debug */ = {
			isa = XCBuildConfiguration;
			buildSettings = {
				ASSETCATALOG_COMPILER_APPICON_NAME = AppIcon;
				CODE_SIGN_STYLE = Automatic;
				DEVELOPMENT_TEAM = 7LE9R3HGR7;
				INFOPLIST_FILE = "Core ML Demo/Info.plist";
				LD_RUNPATH_SEARCH_PATHS = "$(inherited) @executable_path/Frameworks";
				PRODUCT_BUNDLE_IDENTIFIER = "CMIOT.Core-ML-Demo";
				PRODUCT_NAME = "$(TARGET_NAME)";
				SWIFT_VERSION = 4.0;
				TARGETED_DEVICE_FAMILY = "1,2";
			};
			name = Debug;
		};
		5292C3241F6F7B4200EDCA7C /* Release */ = {
			isa = XCBuildConfiguration;
			buildSettings = {
				ASSETCATALOG_COMPILER_APPICON_NAME = AppIcon;
				CODE_SIGN_STYLE = Automatic;
				DEVELOPMENT_TEAM = 7LE9R3HGR7;
				INFOPLIST_FILE = "Core ML Demo/Info.plist";
				LD_RUNPATH_SEARCH_PATHS = "$(inherited) @executable_path/Frameworks";
				PRODUCT_BUNDLE_IDENTIFIER = "CMIOT.Core-ML-Demo";
				PRODUCT_NAME = "$(TARGET_NAME)";
				SWIFT_VERSION = 4.0;
				TARGETED_DEVICE_FAMILY = "1,2";
			};
			name = Release;
		};
/* End XCBuildConfiguration section */

/* Begin XCConfigurationList section */
		5292C30B1F6F7B4200EDCA7C /* Build configuration list for PBXProject "Core ML Demo" */ = {
			isa = XCConfigurationList;
			buildConfigurations = (
				5292C3201F6F7B4200EDCA7C /* Debug */,
				5292C3211F6F7B4200EDCA7C /* Release */,
			);
			defaultConfigurationIsVisible = 0;
			defaultConfigurationName = Release;
		};
		5292C3221F6F7B4200EDCA7C /* Build configuration list for PBXNativeTarget "Core ML Demo" */ = {
			isa = XCConfigurationList;
			buildConfigurations = (
				5292C3231F6F7B4200EDCA7C /* Debug */,
				5292C3241F6F7B4200EDCA7C /* Release */,
			);
			defaultConfigurationIsVisible = 0;
			defaultConfigurationName = Release;
		};
/* End XCConfigurationList section */
	};
	rootObject = 5292C3081F6F7B4200EDCA7C /* Project object */;
}
