// !$*UTF8*$!
{
	archiveVersion = 1;
	classes = {
	};
	objectVersion = 46;
	objects = {

/* Begin PBXBuildFile section */
		526003441F678DDC00518552 /* AppDelegate.swift in Sources */ = {isa = PBXBuildFile; fileRef = 526003431F678DDC00518552 /* AppDelegate.swift */; };
		526003461F678DDC00518552 /* ViewController.swift in Sources */ = {isa = PBXBuildFile; fileRef = 526003451F678DDC00518552 /* ViewController.swift */; };
		526003491F678DDC00518552 /* Main.storyboard in Resources */ = {isa = PBXBuildFile; fileRef = 526003471F678DDC00518552 /* Main.storyboard */; };
		5260034B1F678DDC00518552 /* Assets.xcassets in Resources */ = {isa = PBXBuildFile; fileRef = 5260034A1F678DDC00518552 /* Assets.xcassets */; };
		5260034E1F678DDC00518552 /* LaunchScreen.storyboard in Resources */ = {isa = PBXBuildFile; fileRef = 5260034C1F678DDC00518552 /* LaunchScreen.storyboard */; };
		526003561F678E0600518552 /* SceneKit Scene.scn in Resources */ = {isa = PBXBuildFile; fileRef = 526003551F678E0600518552 /* SceneKit Scene.scn */; };
/* End PBXBuildFile section */

/* Begin PBXFileReference section */
		526003401F678DDC00518552 /* SceneViewTest.app */ = {isa = PBXFileReference; explicitFileType = wrapper.application; includeInIndex = 0; path = SceneViewTest.app; sourceTree = BUILT_PRODUCTS_DIR; };
		526003431F678DDC00518552 /* AppDelegate.swift */ = {isa = PBXFileReference; lastKnownFileType = sourcecode.swift; path = AppDelegate.swift; sourceTree = "<group>"; };
		526003451F678DDC00518552 /* ViewController.swift */ = {isa = PBXFileReference; lastKnownFileType = sourcecode.swift; path = ViewController.swift; sourceTree = "<group>"; };
		526003481F678DDC00518552 /* Base */ = {isa = PBXFileReference; lastKnownFileType = file.storyboard; name = Base; path = Base.lproj/Main.storyboard; sourceTree = "<group>"; };
		5260034A1F678DDC00518552 /* Assets.xcassets */ = {isa = PBXFileReference; lastKnownFileType = folder.assetcatalog; path = Assets.xcassets; sourceTree = "<group>"; };
		5260034D1F678DDC00518552 /* Base */ = {isa = PBXFileReference; lastKnownFileType = file.storyboard; name = Base; path = Base.lproj/LaunchScreen.storyboard; sourceTree = "<group>"; };
		5260034F1F678DDC00518552 /* Info.plist */ = {isa = PBXFileReference; lastKnownFileType = text.plist.xml; path = Info.plist; sourceTree = "<group>"; };
		526003551F678E0600518552 /* SceneKit Scene.scn */ = {isa = PBXFileReference; lastKnownFileType = file.bplist; path = "SceneKit Scene.scn"; sourceTree = "<group>"; };
/* End PBXFileReference section */

/* Begin PBXFrameworksBuildPhase section */
		5260033D1F678DDC00518552 /* Frameworks */ = {
			isa = PBXFrameworksBuildPhase;
			buildActionMask = 2147483647;
			files = (
			);
			runOnlyForDeploymentPostprocessing = 0;
		};
/* End PBXFrameworksBuildPhase section */

/* Begin PBXGroup section */
		526003371F678DDC00518552 = {
			isa = PBXGroup;
			children = (
				526003421F678DDC00518552 /* SceneViewTest */,
				526003411F678DDC00518552 /* Products */,
			);
			sourceTree = "<group>";
		};
		526003411F678DDC00518552 /* Products */ = {
			isa = PBXGroup;
			children = (
				526003401F678DDC00518552 /* SceneViewTest.app */,
			);
			name = Products;
			sourceTree = "<group>";
		};
		526003421F678DDC00518552 /* SceneViewTest */ = {
			isa = PBXGroup;
			children = (
				526003431F678DDC00518552 /* AppDelegate.swift */,
				526003451F678DDC00518552 /* ViewController.swift */,
				526003551F678E0600518552 /* SceneKit Scene.scn */,
				526003471F678DDC00518552 /* Main.storyboard */,
				5260034A1F678DDC00518552 /* Assets.xcassets */,
				5260034C1F678DDC00518552 /* LaunchScreen.storyboard */,
				5260034F1F678DDC00518552 /* Info.plist */,
			);
			path = SceneViewTest;
			sourceTree = "<group>";
		};
/* End PBXGroup section */

/* Begin PBXNativeTarget section */
		5260033F1F678DDC00518552 /* SceneViewTest */ = {
			isa = PBXNativeTarget;
			buildConfigurationList = 526003521F678DDC00518552 /* Build configuration list for PBXNativeTarget "SceneViewTest" */;
			buildPhases = (
				5260033C1F678DDC00518552 /* Sources */,
				5260033D1F678DDC00518552 /* Frameworks */,
				5260033E1F678DDC00518552 /* Resources */,
			);
			buildRules = (
			);
			dependencies = (
			);
			name = SceneViewTest;
			productName = SceneViewTest;
			productReference = 526003401F678DDC00518552 /* SceneViewTest.app */;
			productType = "com.apple.product-type.application";
		};
/* End PBXNativeTarget section */

/* Begin PBXProject section */
		526003381F678DDC00518552 /* Project object */ = {
			isa = PBXProject;
			attributes = {
				LastSwiftUpdateCheck = 0830;
				LastUpgradeCheck = 0830;
				ORGANIZATIONNAME = CMIOT;
				TargetAttributes = {
					5260033F1F678DDC00518552 = {
						CreatedOnToolsVersion = 8.3.3;
						DevelopmentTeam = 7LE9R3HGR7;
						ProvisioningStyle = Automatic;
					};
				};
			};
			buildConfigurationList = 5260033B1F678DDC00518552 /* Build configuration list for PBXProject "SceneViewTest" */;
			compatibilityVersion = "Xcode 3.2";
			developmentRegion = English;
			hasScannedForEncodings = 0;
			knownRegions = (
				en,
				Base,
			);
			mainGroup = 526003371F678DDC00518552;
			productRefGroup = 526003411F678DDC00518552 /* Products */;
			projectDirPath = "";
			projectRoot = "";
			targets = (
				5260033F1F678DDC00518552 /* SceneViewTest */,
			);
		};
/* End PBXProject section */

/* Begin PBXResourcesBuildPhase section */
		5260033E1F678DDC00518552 /* Resources */ = {
			isa = PBXResourcesBuildPhase;
			buildActionMask = 2147483647;
			files = (
				526003561F678E0600518552 /* SceneKit Scene.scn in Resources */,
				5260034E1F678DDC00518552 /* LaunchScreen.storyboard in Resources */,
				5260034B1F678DDC00518552 /* Assets.xcassets in Resources */,
				526003491F678DDC00518552 /* Main.storyboard in Resources */,
			);
			runOnlyForDeploymentPostprocessing = 0;
		};
/* End PBXResourcesBuildPhase section */

/* Begin PBXSourcesBuildPhase section */
		5260033C1F678DDC00518552 /* Sources */ = {
			isa = PBXSourcesBuildPhase;
			buildActionMask = 2147483647;
			files = (
				526003461F678DDC00518552 /* ViewController.swift in Sources */,
				526003441F678DDC00518552 /* AppDelegate.swift in Sources */,
			);
			runOnlyForDeploymentPostprocessing = 0;
		};
/* End PBXSourcesBuildPhase section */

/* Begin PBXVariantGroup section */
		526003471F678DDC00518552 /* Main.storyboard */ = {
			isa = PBXVariantGroup;
			children = (
				526003481F678DDC00518552 /* Base */,
			);
			name = Main.storyboard;
			sourceTree = "<group>";
		};
		5260034C1F678DDC00518552 /* LaunchScreen.storyboard */ = {
			isa = PBXVariantGroup;
			children = (
				5260034D1F678DDC00518552 /* Base */,
			);
			name = LaunchScreen.storyboard;
			sourceTree = "<group>";
		};
/* End PBXVariantGroup section */

/* Begin XCBuildConfiguration section */
		526003501F678DDC00518552 /* Debug */ = {
			isa = XCBuildConfiguration;
			buildSettings = {
				ALWAYS_SEARCH_USER_PATHS = NO;
				CLANG_ANALYZER_NONNULL = YES;
				CLANG_ANALYZER_NUMBER_OBJECT_CONVERSION = YES_AGGRESSIVE;
				CLANG_CXX_LANGUAGE_STANDARD = "gnu++0x";
				CLANG_CXX_LIBRARY = "libc++";
				CLANG_ENABLE_MODULES = YES;
				CLANG_ENABLE_OBJC_ARC = YES;
				CLANG_WARN_BOOL_CONVERSION = YES;
				CLANG_WARN_CONSTANT_CONVERSION = YES;
				CLANG_WARN_DIRECT_OBJC_ISA_USAGE = YES_ERROR;
				CLANG_WARN_DOCUMENTATION_COMMENTS = YES;
				CLANG_WARN_EMPTY_BODY = YES;
				CLANG_WARN_ENUM_CONVERSION = YES;
				CLANG_WARN_INFINITE_RECURSION = YES;
				CLANG_WARN_INT_CONVERSION = YES;
				CLANG_WARN_OBJC_ROOT_CLASS = YES_ERROR;
				CLANG_WARN_SUSPICIOUS_MOVE = YES;
				CLANG_WARN_UNREACHABLE_CODE = YES;
				CLANG_WARN__DUPLICATE_METHOD_MATCH = YES;
				"CODE_SIGN_IDENTITY[sdk=iphoneos*]" = "iPhone Developer";
				COPY_PHASE_STRIP = NO;
				DEBUG_INFORMATION_FORMAT = dwarf;
				ENABLE_STRICT_OBJC_MSGSEND = YES;
				ENABLE_TESTABILITY = YES;
				GCC_C_LANGUAGE_STANDARD = gnu99;
				GCC_DYNAMIC_NO_PIC = NO;
				GCC_NO_COMMON_BLOCKS = YES;
				GCC_OPTIMIZATION_LEVEL = 0;
				GCC_PREPROCESSOR_DEFINITIONS = (
					"DEBUG=1",
					"$(inherited)",
				);
				GCC_WARN_64_TO_32_BIT_CONVERSION = YES;
				GCC_WARN_ABOUT_RETURN_TYPE = YES_ERROR;
				GCC_WARN_UNDECLARED_SELECTOR = YES;
				GCC_WARN_UNINITIALIZED_AUTOS = YES_AGGRESSIVE;
				GCC_WARN_UNUSED_FUNCTION = YES;
				GCC_WARN_UNUSED_VARIABLE = YES;
				IPHONEOS_DEPLOYMENT_TARGET = 10.3;
				MTL_ENABLE_DEBUG_INFO = YES;
				ONLY_ACTIVE_ARCH = YES;
				SDKROOT = iphoneos;
				SWIFT_ACTIVE_COMPILATION_CONDITIONS = DEBUG;
				SWIFT_OPTIMIZATION_LEVEL = "-Onone";
				TARGETED_DEVICE_FAMILY = "1,2";
			};
			name = Debug;
		};
		526003511F678DDC00518552 /* Release */ = {
			isa = XCBuildConfiguration;
			buildSettings = {
				ALWAYS_SEARCH_USER_PATHS = NO;
				CLANG_ANALYZER_NONNULL = YES;
				CLANG_ANALYZER_NUMBER_OBJECT_CONVERSION = YES_AGGRESSIVE;
				CLANG_CXX_LANGUAGE_STANDARD = "gnu++0x";
				CLANG_CXX_LIBRARY = "libc++";
				CLANG_ENABLE_MODULES = YES;
				CLANG_ENABLE_OBJC_ARC = YES;
				CLANG_WARN_BOOL_CONVERSION = YES;
				CLANG_WARN_CONSTANT_CONVERSION = YES;
				CLANG_WARN_DIRECT_OBJC_ISA_USAGE = YES_ERROR;
				CLANG_WARN_DOCUMENTATION_COMMENTS = YES;
				CLANG_WARN_EMPTY_BODY = YES;
				CLANG_WARN_ENUM_CONVERSION = YES;
				CLANG_WARN_INFINITE_RECURSION = YES;
				CLANG_WARN_INT_CONVERSION = YES;
				CLANG_WARN_OBJC_ROOT_CLASS = YES_ERROR;
				CLANG_WARN_SUSPICIOUS_MOVE = YES;
				CLANG_WARN_UNREACHABLE_CODE = YES;
				CLANG_WARN__DUPLICATE_METHOD_MATCH = YES;
				"CODE_SIGN_IDENTITY[sdk=iphoneos*]" = "iPhone Developer";
				COPY_PHASE_STRIP = NO;
				DEBUG_INFORMATION_FORMAT = "dwarf-with-dsym";
				ENABLE_NS_ASSERTIONS = NO;
				ENABLE_STRICT_OBJC_MSGSEND = YES;
				GCC_C_LANGUAGE_STANDARD = gnu99;
				GCC_NO_COMMON_BLOCKS = YES;
				GCC_WARN_64_TO_32_BIT_CONVERSION = YES;
				GCC_WARN_ABOUT_RETURN_TYPE = YES_ERROR;
				GCC_WARN_UNDECLARED_SELECTOR = YES;
				GCC_WARN_UNINITIALIZED_AUTOS = YES_AGGRESSIVE;
				GCC_WARN_UNUSED_FUNCTION = YES;
				GCC_WARN_UNUSED_VARIABLE = YES;
				IPHONEOS_DEPLOYMENT_TARGET = 10.3;
				MTL_ENABLE_DEBUG_INFO = NO;
				SDKROOT = iphoneos;
				SWIFT_OPTIMIZATION_LEVEL = "-Owholemodule";
				TARGETED_DEVICE_FAMILY = "1,2";
				VALIDATE_PRODUCT = YES;
			};
			name = Release;
		};
		526003531F678DDC00518552 /* Debug */ = {
			isa = XCBuildConfiguration;
			buildSettings = {
				ASSETCATALOG_COMPILER_APPICON_NAME = AppIcon;
				DEVELOPMENT_TEAM = 7LE9R3HGR7;
				INFOPLIST_FILE = SceneViewTest/Info.plist;
				LD_RUNPATH_SEARCH_PATHS = "$(inherited) @executable_path/Frameworks";
				PRODUCT_BUNDLE_IDENTIFIER = CMIOT.SceneViewTest;
				PRODUCT_NAME = "$(TARGET_NAME)";
				SWIFT_VERSION = 3.0;
			};
			name = Debug;
		};
		526003541F678DDC00518552 /* Release */ = {
			isa = XCBuildConfiguration;
			buildSettings = {
				ASSETCATALOG_COMPILER_APPICON_NAME = AppIcon;
				DEVELOPMENT_TEAM = 7LE9R3HGR7;
				INFOPLIST_FILE = SceneViewTest/Info.plist;
				LD_RUNPATH_SEARCH_PATHS = "$(inherited) @executable_path/Frameworks";
				PRODUCT_BUNDLE_IDENTIFIER = CMIOT.SceneViewTest;
				PRODUCT_NAME = "$(TARGET_NAME)";
				SWIFT_VERSION = 3.0;
			};
			name = Release;
		};
/* End XCBuildConfiguration section */

/* Begin XCConfigurationList section */
		5260033B1F678DDC00518552 /* Build configuration list for PBXProject "SceneViewTest" */ = {
			isa = XCConfigurationList;
			buildConfigurations = (
				526003501F678DDC00518552 /* Debug */,
				526003511F678DDC00518552 /* Release */,
			);
			defaultConfigurationIsVisible = 0;
			defaultConfigurationName = Release;
		};
		526003521F678DDC00518552 /* Build configuration list for PBXNativeTarget "SceneViewTest" */ = {
			isa = XCConfigurationList;
			buildConfigurations = (
				526003531F678DDC00518552 /* Debug */,
				526003541F678DDC00518552 /* Release */,
			);
			defaultConfigurationIsVisible = 0;
		};
/* End XCConfigurationList section */
	};
	rootObject = 526003381F678DDC00518552 /* Project object */;
}
