// !$*UTF8*$!
{
	archiveVersion = 1;
	classes = {
	};
	objectVersion = 46;
	objects = {

/* Begin PBXBuildFile section */
		521D8D6A1EAED664000EC7FC /* Json2Model.m in Sources */ = {isa = PBXBuildFile; fileRef = 521D8D691EAED664000EC7FC /* Json2Model.m */; };
		521D8D6E1EAEE067000EC7FC /* Model2Encode.m in Sources */ = {isa = PBXBuildFile; fileRef = 521D8D6D1EAEE067000EC7FC /* Model2Encode.m */; };
		521D8D751EAEF426000EC7FC /* MethodSwizzling.m in Sources */ = {isa = PBXBuildFile; fileRef = 521D8D741EAEF426000EC7FC /* MethodSwizzling.m */; };
		521D8D7C1EAEF9F6000EC7FC /* NSObject+AssociatedObject.m in Sources */ = {isa = PBXBuildFile; fileRef = 521D8D7B1EAEF9F6000EC7FC /* NSObject+AssociatedObject.m */; };
		52C7E0711EAED46000BD682C /* main.m in Sources */ = {isa = PBXBuildFile; fileRef = 52C7E0701EAED46000BD682C /* main.m */; };
/* End PBXBuildFile section */

/* Begin PBXCopyFilesBuildPhase section */
		52C7E06B1EAED46000BD682C /* CopyFiles */ = {
			isa = PBXCopyFilesBuildPhase;
			buildActionMask = 2147483647;
			dstPath = /usr/share/man/man1/;
			dstSubfolderSpec = 0;
			files = (
			);
			runOnlyForDeploymentPostprocessing = 1;
		};
/* End PBXCopyFilesBuildPhase section */

/* Begin PBXFileReference section */
		521D8D681EAED664000EC7FC /* Json2Model.h */ = {isa = PBXFileReference; fileEncoding = 4; lastKnownFileType = sourcecode.c.h; path = Json2Model.h; sourceTree = "<group>"; };
		521D8D691EAED664000EC7FC /* Json2Model.m */ = {isa = PBXFileReference; fileEncoding = 4; lastKnownFileType = sourcecode.c.objc; path = Json2Model.m; sourceTree = "<group>"; };
		521D8D6C1EAEE067000EC7FC /* Model2Encode.h */ = {isa = PBXFileReference; fileEncoding = 4; lastKnownFileType = sourcecode.c.h; path = Model2Encode.h; sourceTree = "<group>"; };
		521D8D6D1EAEE067000EC7FC /* Model2Encode.m */ = {isa = PBXFileReference; fileEncoding = 4; lastKnownFileType = sourcecode.c.objc; path = Model2Encode.m; sourceTree = "<group>"; };
		521D8D731EAEF426000EC7FC /* MethodSwizzling.h */ = {isa = PBXFileReference; fileEncoding = 4; lastKnownFileType = sourcecode.c.h; path = MethodSwizzling.h; sourceTree = "<group>"; };
		521D8D741EAEF426000EC7FC /* MethodSwizzling.m */ = {isa = PBXFileReference; fileEncoding = 4; lastKnownFileType = sourcecode.c.objc; path = MethodSwizzling.m; sourceTree = "<group>"; };
		521D8D7A1EAEF9F6000EC7FC /* NSObject+AssociatedObject.h */ = {isa = PBXFileReference; fileEncoding = 4; lastKnownFileType = sourcecode.c.h; path = "NSObject+AssociatedObject.h"; sourceTree = "<group>"; };
		521D8D7B1EAEF9F6000EC7FC /* NSObject+AssociatedObject.m */ = {isa = PBXFileReference; fileEncoding = 4; lastKnownFileType = sourcecode.c.objc; path = "NSObject+AssociatedObject.m"; sourceTree = "<group>"; };
		52C7E06D1EAED46000BD682C /* RuntimePlay */ = {isa = PBXFileReference; explicitFileType = "compiled.mach-o.executable"; includeInIndex = 0; path = RuntimePlay; sourceTree = BUILT_PRODUCTS_DIR; };
		52C7E0701EAED46000BD682C /* main.m */ = {isa = PBXFileReference; lastKnownFileType = sourcecode.c.objc; path = main.m; sourceTree = "<group>"; };
/* End PBXFileReference section */

/* Begin PBXFrameworksBuildPhase section */
		52C7E06A1EAED46000BD682C /* Frameworks */ = {
			isa = PBXFrameworksBuildPhase;
			buildActionMask = 2147483647;
			files = (
			);
			runOnlyForDeploymentPostprocessing = 0;
		};
/* End PBXFrameworksBuildPhase section */

/* Begin PBXGroup section */
		521D8D6B1EAEDE59000EC7FC /* Json2Model */ = {
			isa = PBXGroup;
			children = (
				521D8D681EAED664000EC7FC /* Json2Model.h */,
				521D8D691EAED664000EC7FC /* Json2Model.m */,
			);
			name = Json2Model;
			sourceTree = "<group>";
		};
		521D8D6F1EAEF071000EC7FC /* Model2Encode */ = {
			isa = PBXGroup;
			children = (
				521D8D6C1EAEE067000EC7FC /* Model2Encode.h */,
				521D8D6D1EAEE067000EC7FC /* Model2Encode.m */,
			);
			name = Model2Encode;
			sourceTree = "<group>";
		};
		521D8D761EAEF756000EC7FC /* MethodSwizzling */ = {
			isa = PBXGroup;
			children = (
				521D8D731EAEF426000EC7FC /* MethodSwizzling.h */,
				521D8D741EAEF426000EC7FC /* MethodSwizzling.m */,
			);
			name = MethodSwizzling;
			sourceTree = "<group>";
		};
		521D8D7D1EAEFF26000EC7FC /* AssociatedObject */ = {
			isa = PBXGroup;
			children = (
				521D8D7A1EAEF9F6000EC7FC /* NSObject+AssociatedObject.h */,
				521D8D7B1EAEF9F6000EC7FC /* NSObject+AssociatedObject.m */,
			);
			name = AssociatedObject;
			sourceTree = "<group>";
		};
		52C7E0641EAED46000BD682C = {
			isa = PBXGroup;
			children = (
				52C7E06F1EAED46000BD682C /* RuntimePlay */,
				52C7E06E1EAED46000BD682C /* Products */,
			);
			sourceTree = "<group>";
		};
		52C7E06E1EAED46000BD682C /* Products */ = {
			isa = PBXGroup;
			children = (
				52C7E06D1EAED46000BD682C /* RuntimePlay */,
			);
			name = Products;
			sourceTree = "<group>";
		};
		52C7E06F1EAED46000BD682C /* RuntimePlay */ = {
			isa = PBXGroup;
			children = (
				52C7E0701EAED46000BD682C /* main.m */,
				521D8D7D1EAEFF26000EC7FC /* AssociatedObject */,
				521D8D761EAEF756000EC7FC /* MethodSwizzling */,
				521D8D6F1EAEF071000EC7FC /* Model2Encode */,
				521D8D6B1EAEDE59000EC7FC /* Json2Model */,
			);
			path = RuntimePlay;
			sourceTree = "<group>";
		};
/* End PBXGroup section */

/* Begin PBXNativeTarget section */
		52C7E06C1EAED46000BD682C /* RuntimePlay */ = {
			isa = PBXNativeTarget;
			buildConfigurationList = 52C7E0741EAED46000BD682C /* Build configuration list for PBXNativeTarget "RuntimePlay" */;
			buildPhases = (
				52C7E0691EAED46000BD682C /* Sources */,
				52C7E06A1EAED46000BD682C /* Frameworks */,
				52C7E06B1EAED46000BD682C /* CopyFiles */,
			);
			buildRules = (
			);
			dependencies = (
			);
			name = RuntimePlay;
			productName = RuntimePlay;
			productReference = 52C7E06D1EAED46000BD682C /* RuntimePlay */;
			productType = "com.apple.product-type.tool";
		};
/* End PBXNativeTarget section */

/* Begin PBXProject section */
		52C7E0651EAED46000BD682C /* Project object */ = {
			isa = PBXProject;
			attributes = {
				LastUpgradeCheck = 0830;
				ORGANIZATIONNAME = "China Moble IOT";
				TargetAttributes = {
					52C7E06C1EAED46000BD682C = {
						CreatedOnToolsVersion = 8.3.2;
						DevelopmentTeam = 7LE9R3HGR7;
						ProvisioningStyle = Automatic;
					};
				};
			};
			buildConfigurationList = 52C7E0681EAED46000BD682C /* Build configuration list for PBXProject "RuntimePlay" */;
			compatibilityVersion = "Xcode 3.2";
			developmentRegion = English;
			hasScannedForEncodings = 0;
			knownRegions = (
				en,
			);
			mainGroup = 52C7E0641EAED46000BD682C;
			productRefGroup = 52C7E06E1EAED46000BD682C /* Products */;
			projectDirPath = "";
			projectRoot = "";
			targets = (
				52C7E06C1EAED46000BD682C /* RuntimePlay */,
			);
		};
/* End PBXProject section */

/* Begin PBXSourcesBuildPhase section */
		52C7E0691EAED46000BD682C /* Sources */ = {
			isa = PBXSourcesBuildPhase;
			buildActionMask = 2147483647;
			files = (
				521D8D7C1EAEF9F6000EC7FC /* NSObject+AssociatedObject.m in Sources */,
				521D8D6E1EAEE067000EC7FC /* Model2Encode.m in Sources */,
				521D8D6A1EAED664000EC7FC /* Json2Model.m in Sources */,
				521D8D751EAEF426000EC7FC /* MethodSwizzling.m in Sources */,
				52C7E0711EAED46000BD682C /* main.m in Sources */,
			);
			runOnlyForDeploymentPostprocessing = 0;
		};
/* End PBXSourcesBuildPhase section */

/* Begin XCBuildConfiguration section */
		52C7E0721EAED46000BD682C /* Debug */ = {
			isa = XCBuildConfiguration;
			buildSettings = {
				ALWAYS_SEARCH_USER_PATHS = NO;
				CLANG_ANALYZER_NONNULL = YES;
				CLANG_ANALYZER_NUMBER_OBJECT_CONVERSION = YES_AGGRESSIVE;
				CLANG_CXX_LANGUAGE_STANDARD = "gnu++0x";
				CLANG_CXX_LIBRARY = "libc++";
				CLANG_ENABLE_MODULES = YES;
				CLANG_ENABLE_OBJC_ARC = YES;
				CLANG_WARN_BOOL_CONVERSION = YES;
				CLANG_WARN_CONSTANT_CONVERSION = YES;
				CLANG_WARN_DIRECT_OBJC_ISA_USAGE = YES_ERROR;
				CLANG_WARN_DOCUMENTATION_COMMENTS = YES;
				CLANG_WARN_EMPTY_BODY = YES;
				CLANG_WARN_ENUM_CONVERSION = YES;
				CLANG_WARN_INFINITE_RECURSION = YES;
				CLANG_WARN_INT_CONVERSION = YES;
				CLANG_WARN_OBJC_ROOT_CLASS = YES_ERROR;
				CLANG_WARN_SUSPICIOUS_MOVE = YES;
				CLANG_WARN_UNREACHABLE_CODE = YES;
				CLANG_WARN__DUPLICATE_METHOD_MATCH = YES;
				CODE_SIGN_IDENTITY = "-";
				COPY_PHASE_STRIP = NO;
				DEBUG_INFORMATION_FORMAT = dwarf;
				ENABLE_STRICT_OBJC_MSGSEND = YES;
				ENABLE_TESTABILITY = YES;
				GCC_C_LANGUAGE_STANDARD = gnu99;
				GCC_DYNAMIC_NO_PIC = NO;
				GCC_NO_COMMON_BLOCKS = YES;
				GCC_OPTIMIZATION_LEVEL = 0;
				GCC_PREPROCESSOR_DEFINITIONS = (
					"DEBUG=1",
					"$(inherited)",
				);
				GCC_WARN_64_TO_32_BIT_CONVERSION = YES;
				GCC_WARN_ABOUT_RETURN_TYPE = YES_ERROR;
				GCC_WARN_UNDECLARED_SELECTOR = YES;
				GCC_WARN_UNINITIALIZED_AUTOS = YES_AGGRESSIVE;
				GCC_WARN_UNUSED_FUNCTION = YES;
				GCC_WARN_UNUSED_VARIABLE = YES;
				MACOSX_DEPLOYMENT_TARGET = 10.12;
				MTL_ENABLE_DEBUG_INFO = YES;
				ONLY_ACTIVE_ARCH = YES;
				SDKROOT = macosx;
			};
			name = Debug;
		};
		52C7E0731EAED46000BD682C /* Release */ = {
			isa = XCBuildConfiguration;
			buildSettings = {
				ALWAYS_SEARCH_USER_PATHS = NO;
				CLANG_ANALYZER_NONNULL = YES;
				CLANG_ANALYZER_NUMBER_OBJECT_CONVERSION = YES_AGGRESSIVE;
				CLANG_CXX_LANGUAGE_STANDARD = "gnu++0x";
				CLANG_CXX_LIBRARY = "libc++";
				CLANG_ENABLE_MODULES = YES;
				CLANG_ENABLE_OBJC_ARC = YES;
				CLANG_WARN_BOOL_CONVERSION = YES;
				CLANG_WARN_CONSTANT_CONVERSION = YES;
				CLANG_WARN_DIRECT_OBJC_ISA_USAGE = YES_ERROR;
				CLANG_WARN_DOCUMENTATION_COMMENTS = YES;
				CLANG_WARN_EMPTY_BODY = YES;
				CLANG_WARN_ENUM_CONVERSION = YES;
				CLANG_WARN_INFINITE_RECURSION = YES;
				CLANG_WARN_INT_CONVERSION = YES;
				CLANG_WARN_OBJC_ROOT_CLASS = YES_ERROR;
				CLANG_WARN_SUSPICIOUS_MOVE = YES;
				CLANG_WARN_UNREACHABLE_CODE = YES;
				CLANG_WARN__DUPLICATE_METHOD_MATCH = YES;
				CODE_SIGN_IDENTITY = "-";
				COPY_PHASE_STRIP = NO;
				DEBUG_INFORMATION_FORMAT = "dwarf-with-dsym";
				ENABLE_NS_ASSERTIONS = NO;
				ENABLE_STRICT_OBJC_MSGSEND = YES;
				GCC_C_LANGUAGE_STANDARD = gnu99;
				GCC_NO_COMMON_BLOCKS = YES;
				GCC_WARN_64_TO_32_BIT_CONVERSION = YES;
				GCC_WARN_ABOUT_RETURN_TYPE = YES_ERROR;
				GCC_WARN_UNDECLARED_SELECTOR = YES;
				GCC_WARN_UNINITIALIZED_AUTOS = YES_AGGRESSIVE;
				GCC_WARN_UNUSED_FUNCTION = YES;
				GCC_WARN_UNUSED_VARIABLE = YES;
				MACOSX_DEPLOYMENT_TARGET = 10.12;
				MTL_ENABLE_DEBUG_INFO = NO;
				SDKROOT = macosx;
			};
			name = Release;
		};
		52C7E0751EAED46000BD682C /* Debug */ = {
			isa = XCBuildConfiguration;
			buildSettings = {
				DEVELOPMENT_TEAM = 7LE9R3HGR7;
				PRODUCT_NAME = "$(TARGET_NAME)";
			};
			name = Debug;
		};
		52C7E0761EAED46000BD682C /* Release */ = {
			isa = XCBuildConfiguration;
			buildSettings = {
				DEVELOPMENT_TEAM = 7LE9R3HGR7;
				PRODUCT_NAME = "$(TARGET_NAME)";
			};
			name = Release;
		};
/* End XCBuildConfiguration section */

/* Begin XCConfigurationList section */
		52C7E0681EAED46000BD682C /* Build configuration list for PBXProject "RuntimePlay" */ = {
			isa = XCConfigurationList;
			buildConfigurations = (
				52C7E0721EAED46000BD682C /* Debug */,
				52C7E0731EAED46000BD682C /* Release */,
			);
			defaultConfigurationIsVisible = 0;
			defaultConfigurationName = Release;
		};
		52C7E0741EAED46000BD682C /* Build configuration list for PBXNativeTarget "RuntimePlay" */ = {
			isa = XCConfigurationList;
			buildConfigurations = (
				52C7E0751EAED46000BD682C /* Debug */,
				52C7E0761EAED46000BD682C /* Release */,
			);
			defaultConfigurationIsVisible = 0;
			defaultConfigurationName = Release;
		};
/* End XCConfigurationList section */
	};
	rootObject = 52C7E0651EAED46000BD682C /* Project object */;
}
