// !$*UTF8*$!
{
	archiveVersion = 1;
	classes = {
	};
	objectVersion = 46;
	objects = {

/* Begin PBXBuildFile section */
		52076E481F4D1E7B00B5C931 /* 最大子数组问题.swift in Sources */ = {isa = PBXBuildFile; fileRef = 52076E471F4D1E7B00B5C931 /* 最大子数组问题.swift */; };
		52346E261F4D1D5C009E0054 /* main.swift in Sources */ = {isa = PBXBuildFile; fileRef = 52346E251F4D1D5C009E0054 /* main.swift */; };
/* End PBXBuildFile section */

/* Begin PBXCopyFilesBuildPhase section */
		52346E201F4D1D5C009E0054 /* CopyFiles */ = {
			isa = PBXCopyFilesBuildPhase;
			buildActionMask = 2147483647;
			dstPath = /usr/share/man/man1/;
			dstSubfolderSpec = 0;
			files = (
			);
			runOnlyForDeploymentPostprocessing = 1;
		};
/* End PBXCopyFilesBuildPhase section */

/* Begin PBXFileReference section */
		52076E471F4D1E7B00B5C931 /* 最大子数组问题.swift */ = {isa = PBXFileReference; fileEncoding = 4; lastKnownFileType = sourcecode.swift; path = "最大子数组问题.swift"; sourceTree = "<group>"; };
		52346E221F4D1D5C009E0054 /* IntroductionToAlgorithms */ = {isa = PBXFileReference; explicitFileType = "compiled.mach-o.executable"; includeInIndex = 0; path = IntroductionToAlgorithms; sourceTree = BUILT_PRODUCTS_DIR; };
		52346E251F4D1D5C009E0054 /* main.swift */ = {isa = PBXFileReference; lastKnownFileType = sourcecode.swift; path = main.swift; sourceTree = "<group>"; };
/* End PBXFileReference section */

/* Begin PBXFrameworksBuildPhase section */
		52346E1F1F4D1D5C009E0054 /* Frameworks */ = {
			isa = PBXFrameworksBuildPhase;
			buildActionMask = 2147483647;
			files = (
			);
			runOnlyForDeploymentPostprocessing = 0;
		};
/* End PBXFrameworksBuildPhase section */

/* Begin PBXGroup section */
		52076E461F4D1E5500B5C931 /* NO.4 分治策略 */ = {
			isa = PBXGroup;
			children = (
				52076E471F4D1E7B00B5C931 /* 最大子数组问题.swift */,
			);
			path = "NO.4 分治策略";
			sourceTree = "<group>";
		};
		52346E191F4D1D5C009E0054 = {
			isa = PBXGroup;
			children = (
				52346E241F4D1D5C009E0054 /* IntroductionToAlgorithms */,
				52346E231F4D1D5C009E0054 /* Products */,
			);
			sourceTree = "<group>";
		};
		52346E231F4D1D5C009E0054 /* Products */ = {
			isa = PBXGroup;
			children = (
				52346E221F4D1D5C009E0054 /* IntroductionToAlgorithms */,
			);
			name = Products;
			sourceTree = "<group>";
		};
		52346E241F4D1D5C009E0054 /* IntroductionToAlgorithms */ = {
			isa = PBXGroup;
			children = (
				52346E251F4D1D5C009E0054 /* main.swift */,
				52076E461F4D1E5500B5C931 /* NO.4 分治策略 */,
			);
			path = IntroductionToAlgorithms;
			sourceTree = "<group>";
		};
/* End PBXGroup section */

/* Begin PBXNativeTarget section */
		52346E211F4D1D5C009E0054 /* IntroductionToAlgorithms */ = {
			isa = PBXNativeTarget;
			buildConfigurationList = 52346E291F4D1D5C009E0054 /* Build configuration list for PBXNativeTarget "IntroductionToAlgorithms" */;
			buildPhases = (
				52346E1E1F4D1D5C009E0054 /* Sources */,
				52346E1F1F4D1D5C009E0054 /* Frameworks */,
				52346E201F4D1D5C009E0054 /* CopyFiles */,
			);
			buildRules = (
			);
			dependencies = (
			);
			name = IntroductionToAlgorithms;
			productName = IntroductionToAlgorithms;
			productReference = 52346E221F4D1D5C009E0054 /* IntroductionToAlgorithms */;
			productType = "com.apple.product-type.tool";
		};
/* End PBXNativeTarget section */

/* Begin PBXProject section */
		52346E1A1F4D1D5C009E0054 /* Project object */ = {
			isa = PBXProject;
			attributes = {
				LastSwiftUpdateCheck = 0830;
				LastUpgradeCheck = 0830;
				ORGANIZATIONNAME = CMIOT;
				TargetAttributes = {
					52346E211F4D1D5C009E0054 = {
						CreatedOnToolsVersion = 8.3.3;
						DevelopmentTeam = 7LE9R3HGR7;
						ProvisioningStyle = Automatic;
					};
				};
			};
			buildConfigurationList = 52346E1D1F4D1D5C009E0054 /* Build configuration list for PBXProject "IntroductionToAlgorithms" */;
			compatibilityVersion = "Xcode 3.2";
			developmentRegion = English;
			hasScannedForEncodings = 0;
			knownRegions = (
				en,
			);
			mainGroup = 52346E191F4D1D5C009E0054;
			productRefGroup = 52346E231F4D1D5C009E0054 /* Products */;
			projectDirPath = "";
			projectRoot = "";
			targets = (
				52346E211F4D1D5C009E0054 /* IntroductionToAlgorithms */,
			);
		};
/* End PBXProject section */

/* Begin PBXSourcesBuildPhase section */
		52346E1E1F4D1D5C009E0054 /* Sources */ = {
			isa = PBXSourcesBuildPhase;
			buildActionMask = 2147483647;
			files = (
				52346E261F4D1D5C009E0054 /* main.swift in Sources */,
				52076E481F4D1E7B00B5C931 /* 最大子数组问题.swift in Sources */,
			);
			runOnlyForDeploymentPostprocessing = 0;
		};
/* End PBXSourcesBuildPhase section */

/* Begin XCBuildConfiguration section */
		52346E271F4D1D5C009E0054 /* Debug */ = {
			isa = XCBuildConfiguration;
			buildSettings = {
				ALWAYS_SEARCH_USER_PATHS = NO;
				CLANG_ANALYZER_NONNULL = YES;
				CLANG_ANALYZER_NUMBER_OBJECT_CONVERSION = YES_AGGRESSIVE;
				CLANG_CXX_LANGUAGE_STANDARD = "gnu++0x";
				CLANG_CXX_LIBRARY = "libc++";
				CLANG_ENABLE_MODULES = YES;
				CLANG_ENABLE_OBJC_ARC = YES;
				CLANG_WARN_BOOL_CONVERSION = YES;
				CLANG_WARN_CONSTANT_CONVERSION = YES;
				CLANG_WARN_DIRECT_OBJC_ISA_USAGE = YES_ERROR;
				CLANG_WARN_DOCUMENTATION_COMMENTS = YES;
				CLANG_WARN_EMPTY_BODY = YES;
				CLANG_WARN_ENUM_CONVERSION = YES;
				CLANG_WARN_INFINITE_RECURSION = YES;
				CLANG_WARN_INT_CONVERSION = YES;
				CLANG_WARN_OBJC_ROOT_CLASS = YES_ERROR;
				CLANG_WARN_SUSPICIOUS_MOVE = YES;
				CLANG_WARN_UNREACHABLE_CODE = YES;
				CLANG_WARN__DUPLICATE_METHOD_MATCH = YES;
				CODE_SIGN_IDENTITY = "-";
				COPY_PHASE_STRIP = NO;
				DEBUG_INFORMATION_FORMAT = dwarf;
				ENABLE_STRICT_OBJC_MSGSEND = YES;
				ENABLE_TESTABILITY = YES;
				GCC_C_LANGUAGE_STANDARD = gnu99;
				GCC_DYNAMIC_NO_PIC = NO;
				GCC_NO_COMMON_BLOCKS = YES;
				GCC_OPTIMIZATION_LEVEL = 0;
				GCC_PREPROCESSOR_DEFINITIONS = (
					"DEBUG=1",
					"$(inherited)",
				);
				GCC_WARN_64_TO_32_BIT_CONVERSION = YES;
				GCC_WARN_ABOUT_RETURN_TYPE = YES_ERROR;
				GCC_WARN_UNDECLARED_SELECTOR = YES;
				GCC_WARN_UNINITIALIZED_AUTOS = YES_AGGRESSIVE;
				GCC_WARN_UNUSED_FUNCTION = YES;
				GCC_WARN_UNUSED_VARIABLE = YES;
				MACOSX_DEPLOYMENT_TARGET = 10.12;
				MTL_ENABLE_DEBUG_INFO = YES;
				ONLY_ACTIVE_ARCH = YES;
				SDKROOT = macosx;
				SWIFT_OPTIMIZATION_LEVEL = "-Onone";
			};
			name = Debug;
		};
		52346E281F4D1D5C009E0054 /* Release */ = {
			isa = XCBuildConfiguration;
			buildSettings = {
				ALWAYS_SEARCH_USER_PATHS = NO;
				CLANG_ANALYZER_NONNULL = YES;
				CLANG_ANALYZER_NUMBER_OBJECT_CONVERSION = YES_AGGRESSIVE;
				CLANG_CXX_LANGUAGE_STANDARD = "gnu++0x";
				CLANG_CXX_LIBRARY = "libc++";
				CLANG_ENABLE_MODULES = YES;
				CLANG_ENABLE_OBJC_ARC = YES;
				CLANG_WARN_BOOL_CONVERSION = YES;
				CLANG_WARN_CONSTANT_CONVERSION = YES;
				CLANG_WARN_DIRECT_OBJC_ISA_USAGE = YES_ERROR;
				CLANG_WARN_DOCUMENTATION_COMMENTS = YES;
				CLANG_WARN_EMPTY_BODY = YES;
				CLANG_WARN_ENUM_CONVERSION = YES;
				CLANG_WARN_INFINITE_RECURSION = YES;
				CLANG_WARN_INT_CONVERSION = YES;
				CLANG_WARN_OBJC_ROOT_CLASS = YES_ERROR;
				CLANG_WARN_SUSPICIOUS_MOVE = YES;
				CLANG_WARN_UNREACHABLE_CODE = YES;
				CLANG_WARN__DUPLICATE_METHOD_MATCH = YES;
				CODE_SIGN_IDENTITY = "-";
				COPY_PHASE_STRIP = NO;
				DEBUG_INFORMATION_FORMAT = "dwarf-with-dsym";
				ENABLE_NS_ASSERTIONS = NO;
				ENABLE_STRICT_OBJC_MSGSEND = YES;
				GCC_C_LANGUAGE_STANDARD = gnu99;
				GCC_NO_COMMON_BLOCKS = YES;
				GCC_WARN_64_TO_32_BIT_CONVERSION = YES;
				GCC_WARN_ABOUT_RETURN_TYPE = YES_ERROR;
				GCC_WARN_UNDECLARED_SELECTOR = YES;
				GCC_WARN_UNINITIALIZED_AUTOS = YES_AGGRESSIVE;
				GCC_WARN_UNUSED_FUNCTION = YES;
				GCC_WARN_UNUSED_VARIABLE = YES;
				MACOSX_DEPLOYMENT_TARGET = 10.12;
				MTL_ENABLE_DEBUG_INFO = NO;
				SDKROOT = macosx;
			};
			name = Release;
		};
		52346E2A1F4D1D5C009E0054 /* Debug */ = {
			isa = XCBuildConfiguration;
			buildSettings = {
				DEVELOPMENT_TEAM = 7LE9R3HGR7;
				PRODUCT_NAME = "$(TARGET_NAME)";
				SWIFT_VERSION = 3.0;
			};
			name = Debug;
		};
		52346E2B1F4D1D5C009E0054 /* Release */ = {
			isa = XCBuildConfiguration;
			buildSettings = {
				DEVELOPMENT_TEAM = 7LE9R3HGR7;
				PRODUCT_NAME = "$(TARGET_NAME)";
				SWIFT_VERSION = 3.0;
			};
			name = Release;
		};
/* End XCBuildConfiguration section */

/* Begin XCConfigurationList section */
		52346E1D1F4D1D5C009E0054 /* Build configuration list for PBXProject "IntroductionToAlgorithms" */ = {
			isa = XCConfigurationList;
			buildConfigurations = (
				52346E271F4D1D5C009E0054 /* Debug */,
				52346E281F4D1D5C009E0054 /* Release */,
			);
			defaultConfigurationIsVisible = 0;
			defaultConfigurationName = Release;
		};
		52346E291F4D1D5C009E0054 /* Build configuration list for PBXNativeTarget "IntroductionToAlgorithms" */ = {
			isa = XCConfigurationList;
			buildConfigurations = (
				52346E2A1F4D1D5C009E0054 /* Debug */,
				52346E2B1F4D1D5C009E0054 /* Release */,
			);
			defaultConfigurationIsVisible = 0;
			defaultConfigurationName = Release;
		};
/* End XCConfigurationList section */
	};
	rootObject = 52346E1A1F4D1D5C009E0054 /* Project object */;
}
